
Microsoft Visual Studio Solution File, Format Version 12.00
# Visual Studio 15
VisualStudioVersion = 15.0.27703.2000
MinimumVisualStudioVersion = 10.0.40219.1
Project("{2150E333-8FDC-42A3-9474-1A3956D46DE8}") = "Solution Items", "Solution Items", "{6C5CA411-5A5A-4876-8413-6B71D64203E8}"
	ProjectSection(SolutionItems) = preProject
		HL7v2 ORM to FHIR.xml = HL7v2 ORM to FHIR.xml
		HL7v2 ORU to FHIR.xml = HL7v2 ORU to FHIR.xml
		readme.md = readme.md
		v2 ADT to FHIR.xml = v2 ADT to FHIR.xml
	EndProjectSection
EndProject
Global
	GlobalSection(SolutionProperties) = preSolution
		HideSolutionNode = FALSE
	EndGlobalSection
	GlobalSection(ExtensibilityGlobals) = postSolution
		SolutionGuid = {D37E915E-594B-4CC6-B1B2-139F7CEDBC23}
	EndGlobalSection
EndGlobal
